Microsoft Visual Studio Solution File, Format Version 12.00
# Visual Studio Version 17
VisualStudioVersion = 17.5.2.0
MinimumVisualStudioVersion = 10.0.40219.1
Project("{FAE04EC0-301F-11D3-BF4B-00C04F79EFBC}") = "Dispensa", "Dispensa.csproj", "{BCD7D6D4-6985-4A48-E93E-35B7E7B6E6DB}"
EndProject
Global
	GlobalSection(SolutionConfigurationPlatforms) = preSolution
		Debug|Any CPU = Debug|Any CPU
		Release|Any CPU = Release|Any CPU
	EndGlobalSection
	GlobalSection(ProjectConfigurationPlatforms) = postSolution
		{BCD7D6D4-6985-4A48-E93E-35B7E7B6E6DB}.Debug|Any CPU.ActiveCfg = Debug|Any CPU
		{BCD7D6D4-6985-4A48-E93E-35B7E7B6E6DB}.Debug|Any CPU.Build.0 = Debug|Any CPU
		{BCD7D6D4-6985-4A48-E93E-35B7E7B6E6DB}.Release|Any CPU.ActiveCfg = Release|Any CPU
		{BCD7D6D4-6985-4A48-E93E-35B7E7B6E6DB}.Release|Any CPU.Build.0 = Release|Any CPU
	EndGlobalSection
	GlobalSection(SolutionProperties) = preSolution
		HideSolutionNode = FALSE
	EndGlobalSection
	GlobalSection(ExtensibilityGlobals) = postSolution
		SolutionGuid = {14385301-3785-4EAD-AE07-73409995E712}
	EndGlobalSection
EndGlobal
